<?xml version="1.0" encoding="utf-8"?>
<Project ToolsVersion="4.0" xmlns="http://schemas.microsoft.com/developer/msbuild/2003">
  <ItemGroup>
    <Filter Include="Source Files">
      <UniqueIdentifier>{4FC737F1-C7A5-4376-A066-2A32D752A2FF}</UniqueIdentifier>
      <Extensions>cpp;c;cc;cxx;def;odl;idl;hpj;bat;asm;asmx</Extensions>
    </Filter>
    <Filter Include="Header Files">
      <UniqueIdentifier>{93995380-89BD-4b04-88EB-625FBE52EBFB}</UniqueIdentifier>
      <Extensions>h;hh;hpp;hxx;hm;inl;inc;xsd</Extensions>
    </Filter>
    <Filter Include="Resource Files">
      <UniqueIdentifier>{67DA6AB6-F800-4c08-8B7A-83BB121AAD01}</UniqueIdentifier>
      <Extensions>rc;ico;cur;bmp;dlg;rc2;rct;bin;rgs;gif;jpg;jpeg;jpe;resx;tiff;tif;png;wav;mfcribbon-ms</Extensions>
    </Filter>
    <Filter Include="Source Files\Audio">
      <UniqueIdentifier>{d168b6c5-ae77-4b34-ad17-e2fc7f2fb704}</UniqueIdentifier>
    </Filter>
    <Filter Include="Source Files\Core">
      <UniqueIdentifier>{4a964aff-1468-44a7-a3a0-77b6f93aaad9}</UniqueIdentifier>
    </Filter>
    <Filter Include="Source Files\Graphics">
      <UniqueIdentifier>{8b9971fe-2d69-4ae6-aa26-7387263738eb}</UniqueIdentifier>
    </Filter>
    <Filter Include="Source Files\Texture">
      <UniqueIdentifier>{4b6e7ed4-eb21-45f1-9b30-cc92ad9957a9}</UniqueIdentifier>
    </Filter>
    <Filter Include="Source Files\Utility">
      <UniqueIdentifier>{7207938b-4211-4df7-8f8c-814fa98f6b4e}</UniqueIdentifier>
    </Filter>
    <Filter Include="Source Files\Window">
      <UniqueIdentifier>{571ff84e-6f9e-48c8-8c9e-3eb4e97c576e}</UniqueIdentifier>
    </Filter>
    <Filter Include="Header Files\Audio">
      <UniqueIdentifier>{c5f899a2-c52e-422d-88c6-9bec575453f1}</UniqueIdentifier>
    </Filter>
    <Filter Include="Header Files\Core">
      <UniqueIdentifier>{d1c06fc3-4204-4d1b-9add-25779243b42c}</UniqueIdentifier>
    </Filter>
    <Filter Include="Header Files\Graphics">
      <UniqueIdentifier>{c4d894a8-04d8-447e-99a3-de634852f272}</UniqueIdentifier>
    </Filter>
    <Filter Include="Header Files\Texture">
      <UniqueIdentifier>{2d1ab1aa-f31c-4a6e-87ea-43ac1b80f682}</UniqueIdentifier>
    </Filter>
    <Filter Include="Header Files\Utility">
      <UniqueIdentifier>{dcc2bdd9-3c0b-4e77-97d1-73df5212b03d}</UniqueIdentifier>
    </Filter>
    <Filter Include="Header Files\Window">
      <UniqueIdentifier>{030f6e53-932f-4c50-bb21-8055ccba542a}</UniqueIdentifier>
    </Filter>
    <Filter Include="Header Files\Utility\Inl">
      <UniqueIdentifier>{8e1001f7-3e17-41a7-b9b4-858f5df4487f}</UniqueIdentifier>
    </Filter>
  </ItemGroup>
  <ItemGroup>
    <Text Include="ReadMe.txt" />
  </ItemGroup>
  <ItemGroup>
    <ClCompile Include="..\..\source\Utility\Messenger.cpp">
      <Filter>Source Files\Utility</Filter>
    </ClCompile>
    <ClCompile Include="..\..\..\Grafiikkamoottori_JEJ\source\Core\EngineObject.cpp">
      <Filter>Source Files\Core</Filter>
    </ClCompile>
    <ClCompile Include="..\..\source\Utility\Assert.cpp">
      <Filter>Source Files\Utility</Filter>
    </ClCompile>
    <ClCompile Include="..\..\source\Graphics\Graphics.cpp">
      <Filter>Source Files\Graphics</Filter>
    </ClCompile>
    <ClCompile Include="..\..\source\Graphics\OGL_ES2.cpp">
      <Filter>Source Files\Graphics</Filter>
    </ClCompile>
    <ClCompile Include="..\..\source\Window\AndroidWindow.cpp">
      <Filter>Source Files\Window</Filter>
    </ClCompile>
    <ClCompile Include="..\..\source\Window\Win32Window.cpp">
      <Filter>Source Files\Window</Filter>
    </ClCompile>
    <ClCompile Include="..\..\source\Window\Window.cpp">
      <Filter>Source Files\Window</Filter>
    </ClCompile>
    <ClCompile Include="..\..\source\Core\Settings.cpp">
      <Filter>Source Files\Core</Filter>
    </ClCompile>
  </ItemGroup>
  <ItemGroup>
    <ClInclude Include="..\..\..\Grafiikkamoottori_JEJ\include\Core\EngineObject.hpp">
      <Filter>Header Files\Core</Filter>
    </ClInclude>
    <ClInclude Include="..\..\include\Core\Settings.hpp">
      <Filter>Header Files\Core</Filter>
    </ClInclude>
    <ClInclude Include="..\..\include\Graphics\Graphics.hpp">
      <Filter>Header Files\Graphics</Filter>
    </ClInclude>
    <ClInclude Include="..\..\include\Graphics\OGL_ES2.hpp">
      <Filter>Header Files\Graphics</Filter>
    </ClInclude>
    <ClInclude Include="..\..\include\Utility\Assert.hpp">
      <Filter>Header Files\Utility</Filter>
    </ClInclude>
    <ClInclude Include="..\..\include\Utility\Messenger.hpp">
      <Filter>Header Files\Utility</Filter>
    </ClInclude>
    <ClInclude Include="..\..\include\Utility\Random.hpp">
      <Filter>Header Files\Utility</Filter>
    </ClInclude>
    <ClInclude Include="..\..\include\Utility\Various.hpp">
      <Filter>Header Files\Utility</Filter>
    </ClInclude>
    <ClInclude Include="..\..\include\Window\AndroidWindow.hpp">
      <Filter>Header Files\Window</Filter>
    </ClInclude>
    <ClInclude Include="..\..\include\Window\Win32Window.hpp">
      <Filter>Header Files\Window</Filter>
    </ClInclude>
    <ClInclude Include="..\..\include\Window\Window.hpp">
      <Filter>Header Files\Window</Filter>
    </ClInclude>
  </ItemGroup>
  <ItemGroup>
    <None Include="..\..\include\Utility\Inl\Messenger.inl">
      <Filter>Header Files\Utility\Inl</Filter>
    </None>
    <None Include="..\..\include\Utility\Inl\Random.inl">
      <Filter>Header Files\Utility\Inl</Filter>
    </None>
  </ItemGroup>
</Project>